
Microsoft Visual Studio Solution File, Format Version 12.00
# Visual Studio Version 16
VisualStudioVersion = 16.0.32228.343
MinimumVisualStudioVersion = 10.0.40219.1
Project("{FAE04EC0-301F-11D3-BF4B-00C04F79EFBC}") = "iUUL-Desafio1", "iUUL-Desafio1\iUUL-Desafio1.csproj", "{AAAA30BB-3591-4CF7-B276-3FA5FCA60542}"
EndProject
Global
	GlobalSection(SolutionConfigurationPlatforms) = preSolution
		Debug|Any CPU = Debug|Any CPU
		Release|Any CPU = Release|Any CPU
	EndGlobalSection
	GlobalSection(ProjectConfigurationPlatforms) = postSolution
		{AAAA30BB-3591-4CF7-B276-3FA5FCA60542}.Debug|Any CPU.ActiveCfg = Debug|Any CPU
		{AAAA30BB-3591-4CF7-B276-3FA5FCA60542}.Debug|Any CPU.Build.0 = Debug|Any CPU
		{AAAA30BB-3591-4CF7-B276-3FA5FCA60542}.Release|Any CPU.ActiveCfg = Release|Any CPU
		{AAAA30BB-3591-4CF7-B276-3FA5FCA60542}.Release|Any CPU.Build.0 = Release|Any CPU
	EndGlobalSection
	GlobalSection(SolutionProperties) = preSolution
		HideSolutionNode = FALSE
	EndGlobalSection
	GlobalSection(ExtensibilityGlobals) = postSolution
		SolutionGuid = {391CFE42-D391-4730-874B-6C002A70FFE9}
	EndGlobalSection
EndGlobal
